
Microsoft Visual Studio Solution File, Format Version 12.00
# Visual Studio Version 17
VisualStudioVersion = 17.2.32519.379
MinimumVisualStudioVersion = 10.0.40219.1
Project("{9A19103F-16F7-4668-BE54-9A1E7A4F7556}") = "Ecommerce.Core", "Ecommerce.Core\Ecommerce.Core.csproj", "{E751800D-1587-4F76-BB96-0A9677E5D15F}"
EndProject
Project("{9A19103F-16F7-4668-BE54-9A1E7A4F7556}") = "Ecommerce.Api", "Ecommerce.Api\Ecommerce.Api.csproj", "{ABD44D01-91FF-413B-8068-2EA065071A3A}"
EndProject
Project("{9A19103F-16F7-4668-BE54-9A1E7A4F7556}") = "Ecommerce.DataAccess", "Ecommerce.DataAccess\Ecommerce.DataAccess.csproj", "{230C8BE0-84AA-4C6A-9E68-FB7134F4BDFC}"
EndProject
Project("{9A19103F-16F7-4668-BE54-9A1E7A4F7556}") = "Ecommerce.UnitTest", "Ecommerce.UnitTest\Ecommerce.UnitTest.csproj", "{41D1DC55-C1C7-4A82-B5DB-C1A03448E15C}"
EndProject
Project("{FAE04EC0-301F-11D3-BF4B-00C04F79EFBC}") = "Ecommerce.BDD", "Ecommerce.BDD\Ecommerce.BDD.csproj", "{D3AF702E-3802-482D-BC64-3C6C6ABB74F0}"
EndProject
Global
	GlobalSection(SolutionConfigurationPlatforms) = preSolution
		Debug|Any CPU = Debug|Any CPU
		Release|Any CPU = Release|Any CPU
	EndGlobalSection
	GlobalSection(ProjectConfigurationPlatforms) = postSolution
		{E751800D-1587-4F76-BB96-0A9677E5D15F}.Debug|Any CPU.ActiveCfg = Debug|Any CPU
		{E751800D-1587-4F76-BB96-0A9677E5D15F}.Debug|Any CPU.Build.0 = Debug|Any CPU
		{E751800D-1587-4F76-BB96-0A9677E5D15F}.Release|Any CPU.ActiveCfg = Release|Any CPU
		{E751800D-1587-4F76-BB96-0A9677E5D15F}.Release|Any CPU.Build.0 = Release|Any CPU
		{ABD44D01-91FF-413B-8068-2EA065071A3A}.Debug|Any CPU.ActiveCfg = Debug|Any CPU
		{ABD44D01-91FF-413B-8068-2EA065071A3A}.Debug|Any CPU.Build.0 = Debug|Any CPU
		{ABD44D01-91FF-413B-8068-2EA065071A3A}.Release|Any CPU.ActiveCfg = Release|Any CPU
		{ABD44D01-91FF-413B-8068-2EA065071A3A}.Release|Any CPU.Build.0 = Release|Any CPU
		{230C8BE0-84AA-4C6A-9E68-FB7134F4BDFC}.Debug|Any CPU.ActiveCfg = Debug|Any CPU
		{230C8BE0-84AA-4C6A-9E68-FB7134F4BDFC}.Debug|Any CPU.Build.0 = Debug|Any CPU
		{230C8BE0-84AA-4C6A-9E68-FB7134F4BDFC}.Release|Any CPU.ActiveCfg = Release|Any CPU
		{230C8BE0-84AA-4C6A-9E68-FB7134F4BDFC}.Release|Any CPU.Build.0 = Release|Any CPU
		{41D1DC55-C1C7-4A82-B5DB-C1A03448E15C}.Debug|Any CPU.ActiveCfg = Debug|Any CPU
		{41D1DC55-C1C7-4A82-B5DB-C1A03448E15C}.Debug|Any CPU.Build.0 = Debug|Any CPU
		{41D1DC55-C1C7-4A82-B5DB-C1A03448E15C}.Release|Any CPU.ActiveCfg = Release|Any CPU
		{41D1DC55-C1C7-4A82-B5DB-C1A03448E15C}.Release|Any CPU.Build.0 = Release|Any CPU
		{D3AF702E-3802-482D-BC64-3C6C6ABB74F0}.Debug|Any CPU.ActiveCfg = Debug|Any CPU
		{D3AF702E-3802-482D-BC64-3C6C6ABB74F0}.Debug|Any CPU.Build.0 = Debug|Any CPU
		{D3AF702E-3802-482D-BC64-3C6C6ABB74F0}.Release|Any CPU.ActiveCfg = Release|Any CPU
		{D3AF702E-3802-482D-BC64-3C6C6ABB74F0}.Release|Any CPU.Build.0 = Release|Any CPU
	EndGlobalSection
	GlobalSection(SolutionProperties) = preSolution
		HideSolutionNode = FALSE
	EndGlobalSection
	GlobalSection(ExtensibilityGlobals) = postSolution
		SolutionGuid = {1E0BA68E-DB62-4F8F-BD86-0F773953474A}
	EndGlobalSection
EndGlobal
